
Microsoft Visual Studio Solution File, Format Version 12.00
# Visual Studio 2012
Project("{8BC9CEB8-8B4A-11D0-8D11-00A0C91BC942}") = "Hamilton-Cycle", "Hamilton-Cycle\Hamilton-Cycle.vcxproj", "{928D1889-F56C-4BBF-9C50-61C921290C57}"
EndProject
Global
	GlobalSection(SolutionConfigurationPlatforms) = preSolution
		Debug|Win32 = Debug|Win32
		Release|Win32 = Release|Win32
	EndGlobalSection
	GlobalSection(ProjectConfigurationPlatforms) = postSolution
		{928D1889-F56C-4BBF-9C50-61C921290C57}.Debug|Win32.ActiveCfg = Debug|Win32
		{928D1889-F56C-4BBF-9C50-61C921290C57}.Debug|Win32.Build.0 = Debug|Win32
		{928D1889-F56C-4BBF-9C50-61C921290C57}.Release|Win32.ActiveCfg = Release|Win32
		{928D1889-F56C-4BBF-9C50-61C921290C57}.Release|Win32.Build.0 = Release|Win32
	EndGlobalSection
	GlobalSection(SolutionProperties) = preSolution
		HideSolutionNode = FALSE
	EndGlobalSection
EndGlobal
